# This file is automatically @generated by Poetry 1.8.3 and should not be changed by hand.

[[package]]
name = "cffi"
version = "1.16.0"
description = "Foreign Function Interface for Python calling C code."
optional = false
python-versions = ">=3.8"
files = [
    {file = "cffi-1.16.0-cp310-cp310-macosx_10_9_x86_64.whl", hash = "sha256:6b3d6606d369fc1da4fd8c357d026317fbb9c9b75d36dc16e90e84c26854b088"},
    {file = "cffi-1.16.0-cp310-cp310-macosx_11_0_arm64.whl", hash = "sha256:ac0f5edd2360eea2f1daa9e26a41db02dd4b0451b48f7c318e217ee092a213e9"},
    {file = "cffi-1.16.0-cp310-cp310-manylinux_2_12_i686.manylinux2010_i686.manylinux_2_17_i686.manylinux2014_i686.whl", hash = "sha256:7e61e3e4fa664a8588aa25c883eab612a188c725755afff6289454d6362b9673"},
    {file = "cffi-1.16.0-cp310-cp310-manylinux_2_17_aarch64.manylinux2014_aarch64.whl", hash = "sha256:a72e8961a86d19bdb45851d8f1f08b041ea37d2bd8d4fd19903bc3083d80c896"},
    {file = "cffi-1.16.0-cp310-cp310-manylinux_2_17_ppc64le.manylinux2014_ppc64le.whl", hash = "sha256:5b50bf3f55561dac5438f8e70bfcdfd74543fd60df5fa5f62d94e5867deca684"},
    {file = "cffi-1.16.0-cp310-cp310-manylinux_2_17_s390x.manylinux2014_s390x.whl", hash = "sha256:7651c50c8c5ef7bdb41108b7b8c5a83013bfaa8a935590c5d74627c047a583c7"},
    {file = "cffi-1.16.0-cp310-cp310-manylinux_2_17_x86_64.manylinux2014_x86_64.whl", hash = "sha256:e4108df7fe9b707191e55f33efbcb2d81928e10cea45527879a4749cbe472614"},
    {file = "cffi-1.16.0-cp310-cp310-musllinux_1_1_i686.whl", hash = "sha256:32c68ef735dbe5857c810328cb2481e24722a59a2003018885514d4c09af9743"},
    {file = "cffi-1.16.0-cp310-cp310-musllinux_1_1_x86_64.whl", hash = "sha256:673739cb539f8cdaa07d92d02efa93c9ccf87e345b9a0b556e3ecc666718468d"},
    {file = "cffi-1.16.0-cp310-cp310-win32.whl", hash = "sha256:9f90389693731ff1f659e55c7d1640e2ec43ff725cc61b04b2f9c6d8d017df6a"},
    {file = "cffi-1.16.0-cp310-cp310-win_amd64.whl", hash = "sha256:e6024675e67af929088fda399b2094574609396b1decb609c55fa58b028a32a1"},
    {file = "cffi-1.16.0-cp311-cp311-macosx_10_9_x86_64.whl", hash = "sha256:b84834d0cf97e7d27dd5b7f3aca7b6e9263c56308ab9dc8aae9784abb774d404"},
    {file = "cffi-1.16.0-cp311-cp311-macosx_11_0_arm64.whl", hash = "sha256:1b8ebc27c014c59692bb2664c7d13ce7a6e9a629be20e54e7271fa696ff2b417"},
    {file = "cffi-1.16.0-cp311-cp311-manylinux_2_12_i686.manylinux2010_i686.manylinux_2_17_i686.manylinux2014_i686.whl", hash = "sha256:ee07e47c12890ef248766a6e55bd38ebfb2bb8edd4142d56db91b21ea68b7627"},
    {file = "cffi-1.16.0-cp311-cp311-manylinux_2_17_aarch64.manylinux2014_aarch64.whl", hash = "sha256:d8a9d3ebe49f084ad71f9269834ceccbf398253c9fac910c4fd7053ff1386936"},
    {file = "cffi-1.16.0-cp311-cp311-manylinux_2_17_ppc64le.manylinux2014_ppc64le.whl", hash = "sha256:e70f54f1796669ef691ca07d046cd81a29cb4deb1e5f942003f401c0c4a2695d"},
    {file = "cffi-1.16.0-cp311-cp311-manylinux_2_17_s390x.manylinux2014_s390x.whl", hash = "sha256:5bf44d66cdf9e893637896c7faa22298baebcd18d1ddb6d2626a6e39793a1d56"},
    {file = "cffi-1.16.0-cp311-cp311-manylinux_2_17_x86_64.manylinux2014_x86_64.whl", hash = "sha256:7b78010e7b97fef4bee1e896df8a4bbb6712b7f05b7ef630f9d1da00f6444d2e"},
    {file = "cffi-1.16.0-cp311-cp311-musllinux_1_1_i686.whl", hash = "sha256:c6a164aa47843fb1b01e941d385aab7215563bb8816d80ff3a363a9f8448a8dc"},
    {file = "cffi-1.16.0-cp311-cp311-musllinux_1_1_x86_64.whl", hash = "sha256:e09f3ff613345df5e8c3667da1d918f9149bd623cd9070c983c013792a9a62eb"},
    {file = "cffi-1.16.0-cp311-cp311-win32.whl", hash = "sha256:2c56b361916f390cd758a57f2e16233eb4f64bcbeee88a4881ea90fca14dc6ab"},
    {file = "cffi-1.16.0-cp311-cp311-win_amd64.whl", hash = "sha256:db8e577c19c0fda0beb7e0d4e09e0ba74b1e4c092e0e40bfa12fe05b6f6d75ba"},
    {file = "cffi-1.16.0-cp312-cp312-macosx_10_9_x86_64.whl", hash = "sha256:fa3a0128b152627161ce47201262d3140edb5a5c3da88d73a1b790a959126956"},
    {file = "cffi-1.16.0-cp312-cp312-macosx_11_0_arm64.whl", hash = "sha256:68e7c44931cc171c54ccb702482e9fc723192e88d25a0e133edd7aff8fcd1f6e"},
    {file = "cffi-1.16.0-cp312-cp312-manylinux_2_12_i686.manylinux2010_i686.manylinux_2_17_i686.manylinux2014_i686.whl", hash = "sha256:abd808f9c129ba2beda4cfc53bde801e5bcf9d6e0f22f095e45327c038bfe68e"},
    {file = "cffi-1.16.0-cp312-cp312-manylinux_2_17_aarch64.manylinux2014_aarch64.whl", hash = "sha256:88e2b3c14bdb32e440be531ade29d3c50a1a59cd4e51b1dd8b0865c54ea5d2e2"},
    {file = "cffi-1.16.0-cp312-cp312-manylinux_2_17_ppc64le.manylinux2014_ppc64le.whl", hash = "sha256:fcc8eb6d5902bb1cf6dc4f187ee3ea80a1eba0a89aba40a5cb20a5087d961357"},
    {file = "cffi-1.16.0-cp312-cp312-manylinux_2_17_s390x.manylinux2014_s390x.whl", hash = "sha256:b7be2d771cdba2942e13215c4e340bfd76398e9227ad10402a8767ab1865d2e6"},
    {file = "cffi-1.16.0-cp312-cp312-manylinux_2_17_x86_64.manylinux2014_x86_64.whl", hash = "sha256:e715596e683d2ce000574bae5d07bd522c781a822866c20495e52520564f0969"},
    {file = "cffi-1.16.0-cp312-cp312-musllinux_1_1_x86_64.whl", hash = "sha256:2d92b25dbf6cae33f65005baf472d2c245c050b1ce709cc4588cdcdd5495b520"},
    {file = "cffi-1.16.0-cp312-cp312-win32.whl", hash = "sha256:b2ca4e77f9f47c55c194982e10f058db063937845bb2b7a86c84a6cfe0aefa8b"},
    {file = "cffi-1.16.0-cp312-cp312-win_amd64.whl", hash = "sha256:68678abf380b42ce21a5f2abde8efee05c114c2fdb2e9eef2efdb0257fba1235"},
    {file = "cffi-1.16.0-cp38-cp38-macosx_10_9_x86_64.whl", hash = "sha256:0c9ef6ff37e974b73c25eecc13952c55bceed9112be2d9d938ded8e856138bcc"},
    {file = "cffi-1.16.0-cp38-cp38-manylinux_2_12_i686.manylinux2010_i686.manylinux_2_17_i686.manylinux2014_i686.whl", hash = "sha256:a09582f178759ee8128d9270cd1344154fd473bb77d94ce0aeb2a93ebf0feaf0"},
    {file = "cffi-1.16.0-cp38-cp38-manylinux_2_17_aarch64.manylinux2014_aarch64.whl", hash = "sha256:e760191dd42581e023a68b758769e2da259b5d52e3103c6060ddc02c9edb8d7b"},
    {file = "cffi-1.16.0-cp38-cp38-manylinux_2_17_ppc64le.manylinux2014_ppc64le.whl", hash = "sha256:80876338e19c951fdfed6198e70bc88f1c9758b94578d5a7c4c91a87af3cf31c"},
    {file = "cffi-1.16.0-cp38-cp38-manylinux_2_17_s390x.manylinux2014_s390x.whl", hash = "sha256:a6a14b17d7e17fa0d207ac08642c8820f84f25ce17a442fd15e27ea18d67c59b"},
    {file = "cffi-1.16.0-cp38-cp38-manylinux_2_17_x86_64.manylinux2014_x86_64.whl", hash = "sha256:6602bc8dc6f3a9e02b6c22c4fc1e47aa50f8f8e6d3f78a5e16ac33ef5fefa324"},
    {file = "cffi-1.16.0-cp38-cp38-win32.whl", hash = "sha256:131fd094d1065b19540c3d72594260f118b231090295d8c34e19a7bbcf2e860a"},
    {file = "cffi-1.16.0-cp38-cp38-win_amd64.whl", hash = "sha256:31d13b0f99e0836b7ff893d37af07366ebc90b678b6664c955b54561fc36ef36"},
    {file = "cffi-1.16.0-cp39-cp39-macosx_10_9_x86_64.whl", hash = "sha256:582215a0e9adbe0e379761260553ba11c58943e4bbe9c36430c4ca6ac74b15ed"},
    {file = "cffi-1.16.0-cp39-cp39-macosx_11_0_arm64.whl", hash = "sha256:b29ebffcf550f9da55bec9e02ad430c992a87e5f512cd63388abb76f1036d8d2"},
    {file = "cffi-1.16.0-cp39-cp39-manylinux_2_12_i686.manylinux2010_i686.manylinux_2_17_i686.manylinux2014_i686.whl", hash = "sha256:dc9b18bf40cc75f66f40a7379f6a9513244fe33c0e8aa72e2d56b0196a7ef872"},
    {file = "cffi-1.16.0-cp39-cp39-manylinux_2_17_aarch64.manylinux2014_aarch64.whl", hash = "sha256:9cb4a35b3642fc5c005a6755a5d17c6c8b6bcb6981baf81cea8bfbc8903e8ba8"},
    {file = "cffi-1.16.0-cp39-cp39-manylinux_2_17_ppc64le.manylinux2014_ppc64le.whl", hash = "sha256:b86851a328eedc692acf81fb05444bdf1891747c25af7529e39ddafaf68a4f3f"},
    {file = "cffi-1.16.0-cp39-cp39-manylinux_2_17_s390x.manylinux2014_s390x.whl", hash = "sha256:c0f31130ebc2d37cdd8e44605fb5fa7ad59049298b3f745c74fa74c62fbfcfc4"},
    {file = "cffi-1.16.0-cp39-cp39-manylinux_2_17_x86_64.manylinux2014_x86_64.whl", hash = "sha256:8f8e709127c6c77446a8c0a8c8bf3c8ee706a06cd44b1e827c3e6a2ee6b8c098"},
    {file = "cffi-1.16.0-cp39-cp39-musllinux_1_1_i686.whl", hash = "sha256:748dcd1e3d3d7cd5443ef03ce8685043294ad6bd7c02a38d1bd367cfd968e000"},
    {file = "cffi-1.16.0-cp39-cp39-musllinux_1_1_x86_64.whl", hash = "sha256:8895613bcc094d4a1b2dbe179d88d7fb4a15cee43c052e8885783fac397d91fe"},
    {file = "cffi-1.16.0-cp39-cp39-win32.whl", hash = "sha256:ed86a35631f7bfbb28e108dd96773b9d5a6ce4811cf6ea468bb6a359b256b1e4"},
    {file = "cffi-1.16.0-cp39-cp39-win_amd64.whl", hash = "sha256:3686dffb02459559c74dd3d81748269ffb0eb027c39a6fc99502de37d501faa8"},
    {file = "cffi-1.16.0.tar.gz", hash = "sha256:bcb3ef43e58665bbda2fb198698fcae6776483e0c4a631aa5647806c25e02cc0"},
]

[package.dependencies]
pycparser = "*"

[[package]]
name = "cryptography"
version = "43.0.0"
description = "cryptography is a package which provides cryptographic recipes and primitives to Python developers."
optional = false
python-versions = ">=3.7"
files = [
    {file = "cryptography-43.0.0-cp37-abi3-macosx_10_9_universal2.whl", hash = "sha256:64c3f16e2a4fc51c0d06af28441881f98c5d91009b8caaff40cf3548089e9c74"},
    {file = "cryptography-43.0.0-cp37-abi3-manylinux_2_17_aarch64.manylinux2014_aarch64.whl", hash = "sha256:3dcdedae5c7710b9f97ac6bba7e1052b95c7083c9d0e9df96e02a1932e777895"},
    {file = "cryptography-43.0.0-cp37-abi3-manylinux_2_17_x86_64.manylinux2014_x86_64.whl", hash = "sha256:3d9a1eca329405219b605fac09ecfc09ac09e595d6def650a437523fcd08dd22"},
    {file = "cryptography-43.0.0-cp37-abi3-manylinux_2_28_aarch64.whl", hash = "sha256:ea9e57f8ea880eeea38ab5abf9fbe39f923544d7884228ec67d666abd60f5a47"},
    {file = "cryptography-43.0.0-cp37-abi3-manylinux_2_28_x86_64.whl", hash = "sha256:9a8d6802e0825767476f62aafed40532bd435e8a5f7d23bd8b4f5fd04cc80ecf"},
    {file = "cryptography-43.0.0-cp37-abi3-musllinux_1_2_aarch64.whl", hash = "sha256:cc70b4b581f28d0a254d006f26949245e3657d40d8857066c2ae22a61222ef55"},
    {file = "cryptography-43.0.0-cp37-abi3-musllinux_1_2_x86_64.whl", hash = "sha256:4a997df8c1c2aae1e1e5ac49c2e4f610ad037fc5a3aadc7b64e39dea42249431"},
    {file = "cryptography-43.0.0-cp37-abi3-win32.whl", hash = "sha256:6e2b11c55d260d03a8cf29ac9b5e0608d35f08077d8c087be96287f43af3ccdc"},
    {file = "cryptography-43.0.0-cp37-abi3-win_amd64.whl", hash = "sha256:31e44a986ceccec3d0498e16f3d27b2ee5fdf69ce2ab89b52eaad1d2f33d8778"},
    {file = "cryptography-43.0.0-cp39-abi3-macosx_10_9_universal2.whl", hash = "sha256:7b3f5fe74a5ca32d4d0f302ffe6680fcc5c28f8ef0dc0ae8f40c0f3a1b4fca66"},
    {file = "cryptography-43.0.0-cp39-abi3-manylinux_2_17_aarch64.manylinux2014_aarch64.whl", hash = "sha256:ac1955ce000cb29ab40def14fd1bbfa7af2017cca696ee696925615cafd0dce5"},
    {file = "cryptography-43.0.0-cp39-abi3-manylinux_2_17_x86_64.manylinux2014_x86_64.whl", hash = "sha256:299d3da8e00b7e2b54bb02ef58d73cd5f55fb31f33ebbf33bd00d9aa6807df7e"},
    {file = "cryptography-43.0.0-cp39-abi3-manylinux_2_28_aarch64.whl", hash = "sha256:ee0c405832ade84d4de74b9029bedb7b31200600fa524d218fc29bfa371e97f5"},
    {file = "cryptography-43.0.0-cp39-abi3-manylinux_2_28_x86_64.whl", hash = "sha256:cb013933d4c127349b3948aa8aaf2f12c0353ad0eccd715ca789c8a0f671646f"},
    {file = "cryptography-43.0.0-cp39-abi3-musllinux_1_2_aarch64.whl", hash = "sha256:fdcb265de28585de5b859ae13e3846a8e805268a823a12a4da2597f1f5afc9f0"},
    {file = "cryptography-43.0.0-cp39-abi3-musllinux_1_2_x86_64.whl", hash = "sha256:2905ccf93a8a2a416f3ec01b1a7911c3fe4073ef35640e7ee5296754e30b762b"},
    {file = "cryptography-43.0.0-cp39-abi3-win32.whl", hash = "sha256:47ca71115e545954e6c1d207dd13461ab81f4eccfcb1345eac874828b5e3eaaf"},
    {file = "cryptography-43.0.0-cp39-abi3-win_amd64.whl", hash = "sha256:0663585d02f76929792470451a5ba64424acc3cd5227b03921dab0e2f27b1709"},
    {file = "cryptography-43.0.0-pp310-pypy310_pp73-macosx_10_9_x86_64.whl", hash = "sha256:2c6d112bf61c5ef44042c253e4859b3cbbb50df2f78fa8fae6747a7814484a70"},
    {file = "cryptography-43.0.0-pp310-pypy310_pp73-manylinux_2_28_aarch64.whl", hash = "sha256:844b6d608374e7d08f4f6e6f9f7b951f9256db41421917dfb2d003dde4cd6b66"},
    {file = "cryptography-43.0.0-pp310-pypy310_pp73-manylinux_2_28_x86_64.whl", hash = "sha256:51956cf8730665e2bdf8ddb8da0056f699c1a5715648c1b0144670c1ba00b48f"},
    {file = "cryptography-43.0.0-pp310-pypy310_pp73-win_amd64.whl", hash = "sha256:aae4d918f6b180a8ab8bf6511a419473d107df4dbb4225c7b48c5c9602c38c7f"},
    {file = "cryptography-43.0.0-pp39-pypy39_pp73-macosx_10_9_x86_64.whl", hash = "sha256:232ce02943a579095a339ac4b390fbbe97f5b5d5d107f8a08260ea2768be8cc2"},
    {file = "cryptography-43.0.0-pp39-pypy39_pp73-manylinux_2_28_aarch64.whl", hash = "sha256:5bcb8a5620008a8034d39bce21dc3e23735dfdb6a33a06974739bfa04f853947"},
    {file = "cryptography-43.0.0-pp39-pypy39_pp73-manylinux_2_28_x86_64.whl", hash = "sha256:08a24a7070b2b6804c1940ff0f910ff728932a9d0e80e7814234269f9d46d069"},
    {file = "cryptography-43.0.0-pp39-pypy39_pp73-win_amd64.whl", hash = "sha256:e9c5266c432a1e23738d178e51c2c7a5e2ddf790f248be939448c0ba2021f9d1"},
    {file = "cryptography-43.0.0.tar.gz", hash = "sha256:b88075ada2d51aa9f18283532c9f60e72170041bba88d7f37e49cbb10275299e"},
]

[package.dependencies]
cffi = {version = ">=1.12", markers = "platform_python_implementation != \"PyPy\""}

[package.extras]
docs = ["sphinx (>=5.3.0)", "sphinx-rtd-theme (>=1.1.1)"]
docstest = ["pyenchant (>=1.6.11)", "readme-renderer", "sphinxcontrib-spelling (>=4.0.1)"]
nox = ["nox"]
pep8test = ["check-sdist", "click", "mypy", "ruff"]
sdist = ["build"]
ssh = ["bcrypt (>=3.1.5)"]
test = ["certifi", "cryptography-vectors (==43.0.0)", "pretend", "pytest (>=6.2.0)", "pytest-benchmark", "pytest-cov", "pytest-xdist"]
test-randomorder = ["pytest-randomly"]

[[package]]
name = "dbus-next"
version = "0.2.3"
description = "A zero-dependency DBus library for Python with asyncio support"
optional = false
python-versions = ">=3.6.0"
files = [
    {file = "dbus_next-0.2.3-py3-none-any.whl", hash = "sha256:58948f9aff9db08316734c0be2a120f6dc502124d9642f55e90ac82ffb16a18b"},
    {file = "dbus_next-0.2.3.tar.gz", hash = "sha256:f4eae26909332ada528c0a3549dda8d4f088f9b365153952a408e28023a626a5"},
]

[[package]]
name = "desktop-notifier"
version = "5.0.1"
description = "Python library for cross-platform desktop notifications"
optional = false
python-versions = ">=3.7"
files = [
    {file = "desktop_notifier-5.0.1-py3-none-any.whl", hash = "sha256:eacfd923fd6fd21daede6de6ba3dc86cbaa6511cf3a8b810a589263b692be967"},
    {file = "desktop_notifier-5.0.1.tar.gz", hash = "sha256:8fbe550fd0e765ec79014a04a087824edd4a3f11577a0b0a892e1cb892f5d7ea"},
]

[package.dependencies]
dbus-next = {version = "*", markers = "sys_platform == \"linux\""}
packaging = "*"
rubicon-objc = {version = "*", markers = "sys_platform == \"darwin\""}
"winrt-windows.applicationmodel.core" = {version = "*", markers = "sys_platform == \"win32\""}
"winrt-windows.data.xml.dom" = {version = "*", markers = "sys_platform == \"win32\""}
"winrt-windows.foundation" = {version = "*", markers = "sys_platform == \"win32\""}
"winrt-windows.foundation.collections" = {version = "*", markers = "sys_platform == \"win32\""}
"winrt-windows.foundation.interop" = {version = "*", markers = "sys_platform == \"win32\""}
"winrt-windows.ui.notifications" = {version = "*", markers = "sys_platform == \"win32\""}

[package.extras]
dev = ["black", "bump2version", "flake8", "flake8-pyproject", "mypy", "pytest", "pytest-asyncio", "pytest-cov"]
docs = ["furo (==2024.5.6)", "sphinx (==7.3.7)", "sphinx-autoapi (==3.1.2)", "sphinx-mdinclude (==0.6.1)"]

[[package]]
name = "packaging"
version = "24.1"
description = "Core utilities for Python packages"
optional = false
python-versions = ">=3.8"
files = [
    {file = "packaging-24.1-py3-none-any.whl", hash = "sha256:5b8f2217dbdbd2f7f384c41c628544e6d52f2d0f53c6d0c3ea61aa5d1d7ff124"},
    {file = "packaging-24.1.tar.gz", hash = "sha256:026ed72c8ed3fcce5bf8950572258698927fd1dbda10a5e981cdf0ac37f4f002"},
]

[[package]]
name = "pycparser"
version = "2.22"
description = "C parser in Python"
optional = false
python-versions = ">=3.8"
files = [
    {file = "pycparser-2.22-py3-none-any.whl", hash = "sha256:c3702b6d3dd8c7abc1afa565d7e63d53a1d0bd86cdc24edd75470f4de499cfcc"},
    {file = "pycparser-2.22.tar.gz", hash = "sha256:491c8be9c040f5390f5bf44a5b07752bd07f56edf992381b05c701439eec10f6"},
]

[[package]]
name = "pyjwt"
version = "2.8.0"
description = "JSON Web Token implementation in Python"
optional = false
python-versions = ">=3.7"
files = [
    {file = "PyJWT-2.8.0-py3-none-any.whl", hash = "sha256:59127c392cc44c2da5bb3192169a91f429924e17aff6534d70fdc02ab3e04320"},
    {file = "PyJWT-2.8.0.tar.gz", hash = "sha256:57e28d156e3d5c10088e0c68abb90bfac3df82b40a71bd0daa20c65ccd5c23de"},
]

[package.dependencies]
cryptography = {version = ">=3.4.0", optional = true, markers = "extra == \"crypto\""}

[package.extras]
crypto = ["cryptography (>=3.4.0)"]
dev = ["coverage[toml] (==5.0.4)", "cryptography (>=3.4.0)", "pre-commit", "pytest (>=6.0.0,<7.0.0)", "sphinx (>=4.5.0,<5.0.0)", "sphinx-rtd-theme", "zope.interface"]
docs = ["sphinx (>=4.5.0,<5.0.0)", "sphinx-rtd-theme", "zope.interface"]
tests = ["coverage[toml] (==5.0.4)", "pytest (>=6.0.0,<7.0.0)"]

[[package]]
name = "pyperclip"
version = "1.9.0"
description = "A cross-platform clipboard module for Python. (Only handles plain text for now.)"
optional = false
python-versions = "*"
files = [
    {file = "pyperclip-1.9.0.tar.gz", hash = "sha256:b7de0142ddc81bfc5c7507eea19da920b92252b548b96186caf94a5e2527d310"},
]

[[package]]
name = "python-ulid"
version = "2.7.0"
description = "Universally unique lexicographically sortable identifier"
optional = false
python-versions = ">=3.9"
files = [
    {file = "python_ulid-2.7.0-py3-none-any.whl", hash = "sha256:c81658e382f69bad8c6d365155c4ae21843ae4226b94f72c12d7adcbb545a251"},
    {file = "python_ulid-2.7.0.tar.gz", hash = "sha256:18eb595885140851a490a95b0da4447911ff69fa9f434732067b97f6956f9fe9"},
]

[package.extras]
pydantic = ["pydantic (>=2.0)"]

[[package]]
name = "rubicon-objc"
version = "0.4.9"
description = "A bridge between an Objective C runtime environment and Python."
optional = false
python-versions = ">=3.8"
files = [
    {file = "rubicon_objc-0.4.9-py3-none-any.whl", hash = "sha256:c351b3800cf74c8c23f7d534f008fd5de46c63818de7a44de96daffdb3ed8b8c"},
    {file = "rubicon_objc-0.4.9.tar.gz", hash = "sha256:3d77a5b2d10cb1e49679aa90b7824b46f67b3fd636229aa4a1b902d24aec6a58"},
]

[package.extras]
dev = ["pre-commit (==3.5.0)", "pre-commit (==3.7.0)", "pytest (==8.2.0)", "pytest-tldr (==0.2.5)", "setuptools-scm (==8.0.4)", "tox (==4.15.0)"]
docs = ["furo (==2024.4.27)", "pyenchant (==3.2.2)", "sphinx (==7.1.2)", "sphinx (==7.3.7)", "sphinx-autobuild (==2021.3.14)", "sphinx-autobuild (==2024.4.16)", "sphinx-copybutton (==0.5.2)", "sphinx-tabs (==3.4.5)", "sphinxcontrib-spelling (==8.0.0)"]

[[package]]
name = "vininfo"
version = "1.8.0"
description = "Extracts useful information from Vehicle Identification Number (VIN)"
optional = false
python-versions = "*"
files = [
    {file = "vininfo-1.8.0-py3-none-any.whl", hash = "sha256:d52aaeac92a258cddf860eab4a73d70263b81b75fdeb897fd6e8fcbb57af251e"},
    {file = "vininfo-1.8.0.tar.gz", hash = "sha256:c79da073dffb3b132045dd9a42101b34093179bd7c377f3c107f46b923b67169"},
]

[package.extras]
cli = ["click"]

[[package]]
name = "winrt-runtime"
version = "2.1.0"
description = "Python projection of Windows Runtime (WinRT) APIs"
optional = false
python-versions = "<3.13,>=3.9"
files = [
    {file = "winrt_runtime-2.1.0-cp310-cp310-win32.whl", hash = "sha256:8cd140f201bf50d3879a595daa995ad61f7aa9c818b1d54be96b28762641ed5b"},
    {file = "winrt_runtime-2.1.0-cp310-cp310-win_amd64.whl", hash = "sha256:9d550a2018c22b56ae15847c3ccb1675a3d5cda70c49bca65acb41dc527e55e9"},
    {file = "winrt_runtime-2.1.0-cp310-cp310-win_arm64.whl", hash = "sha256:74eed9c85830ec8663766b0866256ab446602ba00effaf0ff44b0ffa2ae237fc"},
    {file = "winrt_runtime-2.1.0-cp311-cp311-win32.whl", hash = "sha256:ad2a7cb71362799e5a1a3ba72b374aae62132ddb715036b03f4835e355a194d1"},
    {file = "winrt_runtime-2.1.0-cp311-cp311-win_amd64.whl", hash = "sha256:267561962ad5b2f6e6bb92fd283a68fa2e22e4880ee4e49499ef0051cbaac228"},
    {file = "winrt_runtime-2.1.0-cp311-cp311-win_arm64.whl", hash = "sha256:f16c7739d7f2ce1e725aa00fb4917317c2dfbb5156f6393fd51c15634a63eeba"},
    {file = "winrt_runtime-2.1.0-cp312-cp312-win32.whl", hash = "sha256:fd3d29c0d11a4afb46357dca7d8a6be22018c7bc77139c71721f4aa85beadea4"},
    {file = "winrt_runtime-2.1.0-cp312-cp312-win_amd64.whl", hash = "sha256:9845dad4de05794acf46387cbde1497755b4c01ba224ab846cbd8b65fba6c5d3"},
    {file = "winrt_runtime-2.1.0-cp312-cp312-win_arm64.whl", hash = "sha256:902e7436dd6495717ab490e41179bdae3bd91b00c8336841ef9366633cdb35e5"},
    {file = "winrt_runtime-2.1.0-cp39-cp39-win32.whl", hash = "sha256:97835cb06d26874046f89928e7b73f72d7620ddf2a956d054c3b6f484e1f47a8"},
    {file = "winrt_runtime-2.1.0-cp39-cp39-win_amd64.whl", hash = "sha256:25557f459ffcb021e7970a5c5fcd69a7288086870b78d378b09a7ced7da75f08"},
    {file = "winrt_runtime-2.1.0-cp39-cp39-win_arm64.whl", hash = "sha256:69816a1c5d89be9b97b3094c53476f9ec9ef6f94c030de72d197a27ec4e3b944"},
    {file = "winrt_runtime-2.1.0.tar.gz", hash = "sha256:fc9aeea4ab4ddee143fd0aea656040ab7843a440895106314ecaff78a77fd716"},
]

[[package]]
name = "winrt-windows-applicationmodel-core"
version = "2.1.0"
description = "Python projection of Windows Runtime (WinRT) APIs"
optional = false
python-versions = "<3.13,>=3.9"
files = [
    {file = "winrt_Windows.ApplicationModel.Core-2.1.0-cp310-cp310-win32.whl", hash = "sha256:31e0e66ce1474b860e881b71746bce901dde6d0112580d99bba019076256e035"},
    {file = "winrt_Windows.ApplicationModel.Core-2.1.0-cp310-cp310-win_amd64.whl", hash = "sha256:a6744091807f4726d989cc97baa921f16a9fcc66b046c17a284f92b6734d2c13"},
    {file = "winrt_Windows.ApplicationModel.Core-2.1.0-cp310-cp310-win_arm64.whl", hash = "sha256:5cff9a2169785ed556af3c3b53c6e945a27ff0de42aeecb2f18c642f0f2dccd5"},
    {file = "winrt_Windows.ApplicationModel.Core-2.1.0-cp311-cp311-win32.whl", hash = "sha256:3bb95336c4885b3c7a72c69f6dbb4d5c223b6acf39c1825ba09c4eee629d90f6"},
    {file = "winrt_Windows.ApplicationModel.Core-2.1.0-cp311-cp311-win_amd64.whl", hash = "sha256:215d501b4086a47ec8e97c844112201dd93178d81c4acef3711236506230a8c4"},
    {file = "winrt_Windows.ApplicationModel.Core-2.1.0-cp311-cp311-win_arm64.whl", hash = "sha256:9e3b9ab85dffa1f211e19526f3ca89c61f105d3a141e2080f3e996b0bbed4dda"},
    {file = "winrt_Windows.ApplicationModel.Core-2.1.0-cp312-cp312-win32.whl", hash = "sha256:8da5c84f1006b664904ee54ce4ccb1eb0acb31c39da88df4c7628a13b9b7513f"},
    {file = "winrt_Windows.ApplicationModel.Core-2.1.0-cp312-cp312-win_amd64.whl", hash = "sha256:1078a1a73c2c2d371c716863f19a0fc72775ad5d6089425926e479c7986b49f6"},
    {file = "winrt_Windows.ApplicationModel.Core-2.1.0-cp312-cp312-win_arm64.whl", hash = "sha256:8cb40c7682e60021c431abac3f3754bdcc19330508fd827806efb06bb1396e07"},
    {file = "winrt_Windows.ApplicationModel.Core-2.1.0-cp39-cp39-win32.whl", hash = "sha256:2aed95b15c47584a019329c154bd0674845623e639fb634efc0172087e2b4455"},
    {file = "winrt_Windows.ApplicationModel.Core-2.1.0-cp39-cp39-win_amd64.whl", hash = "sha256:8695c62d843003f2d27bd9b718a1ddce4233df870613919b9c1f604941365d91"},
    {file = "winrt_Windows.ApplicationModel.Core-2.1.0-cp39-cp39-win_arm64.whl", hash = "sha256:da65ed1715e5568eeb7834d1b41fa71e4cbaf23c13f2b849fd29798588ef2934"},
    {file = "winrt_windows_applicationmodel_core-2.1.0.tar.gz", hash = "sha256:f61a9a424c090525251d842fd3c5b1e4ea408f6380a91943fee01a83c0b95ccb"},
]

[package.dependencies]
winrt-runtime = "2.1.0"

[package.extras]
all = ["winrt-Windows.ApplicationModel.Activation[all] (==2.1.0)", "winrt-Windows.ApplicationModel[all] (==2.1.0)", "winrt-Windows.Foundation.Collections[all] (==2.1.0)", "winrt-Windows.Foundation[all] (==2.1.0)", "winrt-Windows.System[all] (==2.1.0)", "winrt-Windows.UI.Core[all] (==2.1.0)"]

[[package]]
name = "winrt-windows-data-xml-dom"
version = "2.1.0"
description = "Python projection of Windows Runtime (WinRT) APIs"
optional = false
python-versions = "<3.13,>=3.9"
files = [
    {file = "winrt_Windows.Data.Xml.Dom-2.1.0-cp310-cp310-win32.whl", hash = "sha256:58d65241d513dfbe20ff69ae241633a25e74911f750c2a8d008979ec2bf24eaa"},
    {file = "winrt_Windows.Data.Xml.Dom-2.1.0-cp310-cp310-win_amd64.whl", hash = "sha256:d673457b984283b4dfc02bc1e69100edcac63cfc49306b48665993885ff14e66"},
    {file = "winrt_Windows.Data.Xml.Dom-2.1.0-cp310-cp310-win_arm64.whl", hash = "sha256:869f9014deb401e9894cc25d68c6969dabb25d2937e9856c15049fafbdc6bdd4"},
    {file = "winrt_Windows.Data.Xml.Dom-2.1.0-cp311-cp311-win32.whl", hash = "sha256:573009a2045f0dca0566b0cd6f6ea96e2f3ced21a9b5f44f52ae4a7aa4c205e6"},
    {file = "winrt_Windows.Data.Xml.Dom-2.1.0-cp311-cp311-win_amd64.whl", hash = "sha256:f4f43338cf5a04a3df34ec344af5fdce59752352cac2db07fbfefc0022d24d7b"},
    {file = "winrt_Windows.Data.Xml.Dom-2.1.0-cp311-cp311-win_arm64.whl", hash = "sha256:adf691063f7cd9096ca2b688512852b0fb05c3cb58c4aad7efd1b99bccf56452"},
    {file = "winrt_Windows.Data.Xml.Dom-2.1.0-cp312-cp312-win32.whl", hash = "sha256:169a4e3cdcd4dc720fe0ac28fc6b0439aa4fe30b96b647b23d5f3c4a7ccef4f3"},
    {file = "winrt_Windows.Data.Xml.Dom-2.1.0-cp312-cp312-win_amd64.whl", hash = "sha256:537fca25dfe9340e4aacc1d69322a16982e6ab4b6be77c3604f7fb614197d8ba"},
    {file = "winrt_Windows.Data.Xml.Dom-2.1.0-cp312-cp312-win_arm64.whl", hash = "sha256:7438920fbbbaafb944a0ff36ea1f9f0e9a27f97f31bfc4c93fc935b98e472f61"},
    {file = "winrt_Windows.Data.Xml.Dom-2.1.0-cp39-cp39-win32.whl", hash = "sha256:77ec1c26d73d8328190678c71d667fd57b3257899485f405bce295a6e99d0598"},
    {file = "winrt_Windows.Data.Xml.Dom-2.1.0-cp39-cp39-win_amd64.whl", hash = "sha256:503e7ec09095294949a8f7060c27ec3ac3e1545dcc94a2586043a162a1c95740"},
    {file = "winrt_Windows.Data.Xml.Dom-2.1.0-cp39-cp39-win_arm64.whl", hash = "sha256:6e37f8c582aea900fe77ce3c2de34516704fa3c90bbd858c41ba3234c838785f"},
    {file = "winrt_windows_data_xml_dom-2.1.0.tar.gz", hash = "sha256:1be2ce6273404fa02a9429646a58661691ef4452a4ebbbb274b5f681ab92d97a"},
]

[package.dependencies]
winrt-runtime = "2.1.0"

[package.extras]
all = ["winrt-Windows.Foundation.Collections[all] (==2.1.0)", "winrt-Windows.Foundation[all] (==2.1.0)", "winrt-Windows.Storage.Streams[all] (==2.1.0)", "winrt-Windows.Storage[all] (==2.1.0)"]

[[package]]
name = "winrt-windows-foundation"
version = "2.1.0"
description = "Python projection of Windows Runtime (WinRT) APIs"
optional = false
python-versions = "<3.13,>=3.9"
files = [
    {file = "winrt_Windows.Foundation-2.1.0-cp310-cp310-win32.whl", hash = "sha256:4552dbb13976a36932d0ab375db1406249dd2c2b9890ba4b704f9413885fbede"},
    {file = "winrt_Windows.Foundation-2.1.0-cp310-cp310-win_amd64.whl", hash = "sha256:8517660f96b89b13828af4d300b1a06a6692406eb70d9f6acae3405718ed29e3"},
    {file = "winrt_Windows.Foundation-2.1.0-cp310-cp310-win_arm64.whl", hash = "sha256:7b7351fda8c9645d7a48b7a04e25c8cf4427f1ce6f90d468a395e94081efb063"},
    {file = "winrt_Windows.Foundation-2.1.0-cp311-cp311-win32.whl", hash = "sha256:23c9eb9638a8dab9daa5384a3fbf7dfc435bf4f96359d4cb652e5f60e9627218"},
    {file = "winrt_Windows.Foundation-2.1.0-cp311-cp311-win_amd64.whl", hash = "sha256:5f3eea024a51b3be36b5ee3e98fd26a3b98ae8fe59e793b9eaf1bed7b3a972eb"},
    {file = "winrt_Windows.Foundation-2.1.0-cp311-cp311-win_arm64.whl", hash = "sha256:9615aee5af26c0f7a4fa7b159be2a92d39fd39119206d48c80d3154a99c44102"},
    {file = "winrt_Windows.Foundation-2.1.0-cp312-cp312-win32.whl", hash = "sha256:b6201185fe0cdce104802f6029384850c3e56679dd3d545ddefdd809f81e2d8b"},
    {file = "winrt_Windows.Foundation-2.1.0-cp312-cp312-win_amd64.whl", hash = "sha256:a26a3906a4cb21fb2d5bce84ba7571b42921d31b3faee715ec598b9df581a6d4"},
    {file = "winrt_Windows.Foundation-2.1.0-cp312-cp312-win_arm64.whl", hash = "sha256:4feb7daabdf91c58073a7a90633b0b0b9b128f1cddfb901607a90e558b22515e"},
    {file = "winrt_Windows.Foundation-2.1.0-cp39-cp39-win32.whl", hash = "sha256:8e0cfb11294e5ec0d6c3ae1bc979a1611ab41e2e57f3dd6cd39420fa18a19409"},
    {file = "winrt_Windows.Foundation-2.1.0-cp39-cp39-win_amd64.whl", hash = "sha256:4bef293416ca1b4899f507dd332c3a5cd71c6ae414d8e03920fd9447b14be535"},
    {file = "winrt_Windows.Foundation-2.1.0-cp39-cp39-win_arm64.whl", hash = "sha256:1362ca83679d881700edb50f761c0527d784faf4671f7a427b043fa3d01d6ce0"},
    {file = "winrt_windows_foundation-2.1.0.tar.gz", hash = "sha256:6d57f35a5d744c3bc1a897c9b539322887a87765bebce47fddcfb942de587d5a"},
]

[package.dependencies]
winrt-runtime = "2.1.0"

[package.extras]
all = ["winrt-Windows.Foundation.Collections[all] (==2.1.0)"]

[[package]]
name = "winrt-windows-foundation-collections"
version = "2.1.0"
description = "Python projection of Windows Runtime (WinRT) APIs"
optional = false
python-versions = "<3.13,>=3.9"
files = [
    {file = "winrt_Windows.Foundation.Collections-2.1.0-cp310-cp310-win32.whl", hash = "sha256:389775a05691a8177024da07bb18e6c95099a130bf4475f7b19a6565e58b43e7"},
    {file = "winrt_Windows.Foundation.Collections-2.1.0-cp310-cp310-win_amd64.whl", hash = "sha256:6f39d4ed19efc383138891c8a1b04c65bed11ddaa7fa998269b412e67ea40834"},
    {file = "winrt_Windows.Foundation.Collections-2.1.0-cp310-cp310-win_arm64.whl", hash = "sha256:4a38714dad4dd304df1a9557bbbca69b4d287ec81744d7faceff90eb1ad4e7ca"},
    {file = "winrt_Windows.Foundation.Collections-2.1.0-cp311-cp311-win32.whl", hash = "sha256:cb71a41fbcbb735d0306dd4e534088d66e27b598f8706db6986cc32bfa09c8fe"},
    {file = "winrt_Windows.Foundation.Collections-2.1.0-cp311-cp311-win_amd64.whl", hash = "sha256:da2cd2b843789f0d5add656f95807c206722dba3c961f29b106d708a53eff5a9"},
    {file = "winrt_Windows.Foundation.Collections-2.1.0-cp311-cp311-win_arm64.whl", hash = "sha256:e0be9569e3d7a9b6584f09ef93e5145472eed6185542a01a7f4991b95d67811e"},
    {file = "winrt_Windows.Foundation.Collections-2.1.0-cp312-cp312-win32.whl", hash = "sha256:dd349c9fc7496f3336ce151ec7485a3e101ab2a73d5052d47dfdc2c885d09358"},
    {file = "winrt_Windows.Foundation.Collections-2.1.0-cp312-cp312-win_amd64.whl", hash = "sha256:05d3e805b2a1bc2dda6793c20408dfd701389a89086dfbb41a6ed8cc719c7c1d"},
    {file = "winrt_Windows.Foundation.Collections-2.1.0-cp312-cp312-win_arm64.whl", hash = "sha256:d59ac0c3f309c449af85563323a1979be7838571551e42ac288006fb04686f85"},
    {file = "winrt_Windows.Foundation.Collections-2.1.0-cp39-cp39-win32.whl", hash = "sha256:78ad6d2de3c2c87d1cd0cd3e071ca8656e64913b0b58b059800f8a70e32daa86"},
    {file = "winrt_Windows.Foundation.Collections-2.1.0-cp39-cp39-win_amd64.whl", hash = "sha256:458b8a65cbe610fd2b272da94d1dda016a1cec686e1dcb21b1354ba26ec1c4a8"},
    {file = "winrt_Windows.Foundation.Collections-2.1.0-cp39-cp39-win_arm64.whl", hash = "sha256:78b3421b7f9d91c8171d2fa6c89ee91ba6db37c0175b7b8fffeab48681ca4e21"},
    {file = "winrt_windows_foundation_collections-2.1.0.tar.gz", hash = "sha256:b54709d5b906befe957cce4648e6fe404586b5d9cc4ea0b91fab0fde54ef0455"},
]

[package.dependencies]
winrt-runtime = "2.1.0"

[package.extras]
all = ["winrt-Windows.Foundation[all] (==2.1.0)"]

[[package]]
name = "winrt-windows-foundation-interop"
version = "2.1.0"
description = "Python projection of Windows Runtime (WinRT) APIs"
optional = false
python-versions = "<3.13,>=3.9"
files = [
    {file = "winrt_Windows.Foundation.Interop-2.1.0-cp310-cp310-win32.whl", hash = "sha256:f75d5c7a40b1d0d4316b9aebc68f3e300322d42514893de8d7d762b55a0389d3"},
    {file = "winrt_Windows.Foundation.Interop-2.1.0-cp310-cp310-win_amd64.whl", hash = "sha256:973ce34e1ac41c70718cabced629c8c89a2a0438b78037211f7677919847d062"},
    {file = "winrt_Windows.Foundation.Interop-2.1.0-cp310-cp310-win_arm64.whl", hash = "sha256:d577c91de4b4166a5eb53b4a0ec3940bd5466fcfbf292f55cd24c1e6a9554e03"},
    {file = "winrt_Windows.Foundation.Interop-2.1.0-cp311-cp311-win32.whl", hash = "sha256:c192e4f7f2591212df5e7c795daa15cc0020e93d037131611cc6c326b790290c"},
    {file = "winrt_Windows.Foundation.Interop-2.1.0-cp311-cp311-win_amd64.whl", hash = "sha256:b60dd00e0a56565f5a007d820c89c784041e10431cd564a28c9b8188db100e91"},
    {file = "winrt_Windows.Foundation.Interop-2.1.0-cp311-cp311-win_arm64.whl", hash = "sha256:023cacfa21f562fc7df2b402f629fc7b6ac66bafb5a8701f21649aa6e7c46566"},
    {file = "winrt_Windows.Foundation.Interop-2.1.0-cp312-cp312-win32.whl", hash = "sha256:ef43f81c0c010396437efae9aee10c2155ceb6b371303dbdfb399628127f582e"},
    {file = "winrt_Windows.Foundation.Interop-2.1.0-cp312-cp312-win_amd64.whl", hash = "sha256:0f7caa97c0f6e27fcb415fb36d857402a148c567f1b66ad4d48ea2c24e7f8f07"},
    {file = "winrt_Windows.Foundation.Interop-2.1.0-cp312-cp312-win_arm64.whl", hash = "sha256:1ea90e55b15eec4acc7b91f7f664832cbd888e78e820ccdc766a6194144a0623"},
    {file = "winrt_Windows.Foundation.Interop-2.1.0-cp39-cp39-win32.whl", hash = "sha256:5c52a403df136e6d100961f557b3194838a2733805f89c96c8ba0ee613c1f2ac"},
    {file = "winrt_Windows.Foundation.Interop-2.1.0-cp39-cp39-win_amd64.whl", hash = "sha256:21cbe593fab703deccb276fffe878740d86f2174f507322b6acc874c76734c92"},
    {file = "winrt_Windows.Foundation.Interop-2.1.0-cp39-cp39-win_arm64.whl", hash = "sha256:46ac62000d92762422434726ab6ad0fd8ff3431bbefe6e6e90ec11dac780e1c6"},
    {file = "winrt_windows_foundation_interop-2.1.0.tar.gz", hash = "sha256:b178de548fbacd1665252af5db3171e6c55eace809ee9959d3a914ea2fbaac40"},
]

[[package]]
name = "winrt-windows-ui-notifications"
version = "2.1.0"
description = "Python projection of Windows Runtime (WinRT) APIs"
optional = false
python-versions = "<3.13,>=3.9"
files = [
    {file = "winrt_Windows.UI.Notifications-2.1.0-cp310-cp310-win32.whl", hash = "sha256:466e058f7bba8dd2014cb10f5f00efe649126318b4710912c98db23ce2c395c1"},
    {file = "winrt_Windows.UI.Notifications-2.1.0-cp310-cp310-win_amd64.whl", hash = "sha256:e540809a656438d7e9d991631871c00b0d24320e25fbb1c95d7e00ce2600e924"},
    {file = "winrt_Windows.UI.Notifications-2.1.0-cp310-cp310-win_arm64.whl", hash = "sha256:afa4d85051a556e11a6e8746b57254d2ddbfb202c50d623f7c8561cdc97f6ce1"},
    {file = "winrt_Windows.UI.Notifications-2.1.0-cp311-cp311-win32.whl", hash = "sha256:8e71d852b90a58254470d3f92275a3dd43a10ea2a2bc62840689899230d8453f"},
    {file = "winrt_Windows.UI.Notifications-2.1.0-cp311-cp311-win_amd64.whl", hash = "sha256:9d531357c50b8b75b12a1d9ef7d5c8373a9e6c6fa4687073fb239a9852276ee0"},
    {file = "winrt_Windows.UI.Notifications-2.1.0-cp311-cp311-win_arm64.whl", hash = "sha256:b06b76f83e4e074a9c0193cf0a0310ff6ca6c352fb56cc5fb6cf812a0728792c"},
    {file = "winrt_Windows.UI.Notifications-2.1.0-cp312-cp312-win32.whl", hash = "sha256:fb5630e1e73a4b38100bc26942372b17a7a7c5c0236b1e803696f6304ae43662"},
    {file = "winrt_Windows.UI.Notifications-2.1.0-cp312-cp312-win_amd64.whl", hash = "sha256:605619e468c294e4977ddbf7b9841b446f0640dc32a6c94683a211b5ebcc7984"},
    {file = "winrt_Windows.UI.Notifications-2.1.0-cp312-cp312-win_arm64.whl", hash = "sha256:a21e6824988298eb3cb3b7b72975d217485ce8c159d32677d900333a22839410"},
    {file = "winrt_Windows.UI.Notifications-2.1.0-cp39-cp39-win32.whl", hash = "sha256:3188228a29cdabb46f69447d7ff8fb6f3f5f9f6071e680cb60b5c549322ec55e"},
    {file = "winrt_Windows.UI.Notifications-2.1.0-cp39-cp39-win_amd64.whl", hash = "sha256:b42788a17d0afb38b44c6b817cc4a4d428165cb37798d71c954f4087e950bfa4"},
    {file = "winrt_Windows.UI.Notifications-2.1.0-cp39-cp39-win_arm64.whl", hash = "sha256:187c7aab4dedc2ca61109e2b2a6e785401176942ad9f5cf241aa467d53c55599"},
    {file = "winrt_windows_ui_notifications-2.1.0.tar.gz", hash = "sha256:aa7c3fcebfb73d456359e1dcc1523a2976438714a7480d45e997f4ca33a18f42"},
]

[package.dependencies]
winrt-runtime = "2.1.0"

[package.extras]
all = ["winrt-Windows.ApplicationModel[all] (==2.1.0)", "winrt-Windows.Data.Xml.Dom[all] (==2.1.0)", "winrt-Windows.Foundation.Collections[all] (==2.1.0)", "winrt-Windows.Foundation[all] (==2.1.0)", "winrt-Windows.System[all] (==2.1.0)"]

[metadata]
lock-version = "2.0"
python-versions = ">=3.9,<3.13"
content-hash = "046f0511e8a21f11f3efb05c83ce84ad04fdb4969e25316957856d09bf5a50a0"
